
Microsoft Visual Studio Solution File, Format Version 11.00
# Visual Studio 2010
Project("{FAE04EC0-301F-11D3-BF4B-00C04F79EFBC}") = "Assembly-CSharp", "Assembly-CSharp.csproj", "{11FC0654-7980-7459-3826-161798445745}"
EndProject
Project("{FAE04EC0-301F-11D3-BF4B-00C04F79EFBC}") = "Oculus.VR", "Oculus.VR.csproj", "{2A212383-6527-5F96-AE9B-CA53291B2A76}"
EndProject
Project("{FAE04EC0-301F-11D3-BF4B-00C04F79EFBC}") = "Oculus.VR.Scripts.Editor", "Oculus.VR.Scripts.Editor.csproj", "{278C165C-4DB4-31AA-5863-1AACD39BDFFF}"
EndProject
Project("{FAE04EC0-301F-11D3-BF4B-00C04F79EFBC}") = "Oculus.VR.Editor", "Oculus.VR.Editor.csproj", "{FA359DC7-FF98-93B3-7AEA-66B740FB3A73}"
EndProject
Global
	GlobalSection(SolutionConfigurationPlatforms) = preSolution
		Debug|Any CPU = Debug|Any CPU
		Release|Any CPU = Release|Any CPU
	EndGlobalSection
	GlobalSection(ProjectConfigurationPlatforms) = postSolution
		{11FC0654-7980-7459-3826-161798445745}.Debug|Any CPU.ActiveCfg = Debug|Any CPU
		{11FC0654-7980-7459-3826-161798445745}.Debug|Any CPU.Build.0 = Debug|Any CPU
		{11FC0654-7980-7459-3826-161798445745}.Release|Any CPU.ActiveCfg = Release|Any CPU
		{11FC0654-7980-7459-3826-161798445745}.Release|Any CPU.Build.0 = Release|Any CPU
		{2A212383-6527-5F96-AE9B-CA53291B2A76}.Debug|Any CPU.ActiveCfg = Debug|Any CPU
		{2A212383-6527-5F96-AE9B-CA53291B2A76}.Debug|Any CPU.Build.0 = Debug|Any CPU
		{2A212383-6527-5F96-AE9B-CA53291B2A76}.Release|Any CPU.ActiveCfg = Release|Any CPU
		{2A212383-6527-5F96-AE9B-CA53291B2A76}.Release|Any CPU.Build.0 = Release|Any CPU
		{278C165C-4DB4-31AA-5863-1AACD39BDFFF}.Debug|Any CPU.ActiveCfg = Debug|Any CPU
		{278C165C-4DB4-31AA-5863-1AACD39BDFFF}.Debug|Any CPU.Build.0 = Debug|Any CPU
		{278C165C-4DB4-31AA-5863-1AACD39BDFFF}.Release|Any CPU.ActiveCfg = Release|Any CPU
		{278C165C-4DB4-31AA-5863-1AACD39BDFFF}.Release|Any CPU.Build.0 = Release|Any CPU
		{FA359DC7-FF98-93B3-7AEA-66B740FB3A73}.Debug|Any CPU.ActiveCfg = Debug|Any CPU
		{FA359DC7-FF98-93B3-7AEA-66B740FB3A73}.Debug|Any CPU.Build.0 = Debug|Any CPU
		{FA359DC7-FF98-93B3-7AEA-66B740FB3A73}.Release|Any CPU.ActiveCfg = Release|Any CPU
		{FA359DC7-FF98-93B3-7AEA-66B740FB3A73}.Release|Any CPU.Build.0 = Release|Any CPU
	EndGlobalSection
	GlobalSection(SolutionProperties) = preSolution
		HideSolutionNode = FALSE
	EndGlobalSection
	GlobalSection(MonoDevelopProperties) = preSolution
		StartupItem = Assembly-CSharp.csproj
	EndGlobalSection
EndGlobal
